// !$*UTF8*$!
{
	archiveVersion = 1;
	classes = {
	};
	objectVersion = 56;
	objects = {

/* Begin PBXBuildFile section */
		FB3938782BE679C000FFF17E /* AppDelegate.swift in Sources */ = {isa = PBXBuildFile; fileRef = FB3938772BE679C000FFF17E /* AppDelegate.swift */; };
		FB39387A2BE679C000FFF17E /* SceneDelegate.swift in Sources */ = {isa = PBXBuildFile; fileRef = FB3938792BE679C000FFF17E /* SceneDelegate.swift */; };
		FB39387C2BE679C000FFF17E /* ViewController.swift in Sources */ = {isa = PBXBuildFile; fileRef = FB39387B2BE679C000FFF17E /* ViewController.swift */; };
		FB39387F2BE679C000FFF17E /* Main.storyboard in Resources */ = {isa = PBXBuildFile; fileRef = FB39387D2BE679C000FFF17E /* Main.storyboard */; };
		FB3938812BE679C100FFF17E /* Assets.xcassets in Resources */ = {isa = PBXBuildFile; fileRef = FB3938802BE679C100FFF17E /* Assets.xcassets */; };
		FB3938842BE679C100FFF17E /* LaunchScreen.storyboard in Resources */ = {isa = PBXBuildFile; fileRef = FB3938822BE679C100FFF17E /* LaunchScreen.storyboard */; };
		FB39388C2BE67FEA00FFF17E /* PostTableViewCell.swift in Sources */ = {isa = PBXBuildFile; fileRef = FB39388B2BE67FEA00FFF17E /* PostTableViewCell.swift */; };
		FB39388E2BE684D700FFF17E /* Cat.swift in Sources */ = {isa = PBXBuildFile; fileRef = FB39388D2BE684D700FFF17E /* Cat.swift */; };
		FB3938902BE68B9700FFF17E /* DetailCatViewController.swift in Sources */ = {isa = PBXBuildFile; fileRef = FB39388F2BE68B9700FFF17E /* DetailCatViewController.swift */; };
/* End PBXBuildFile section */

/* Begin PBXFileReference section */
		FB3938742BE679C000FFF17E /* S8ChurivantiP1.app */ = {isa = PBXFileReference; explicitFileType = wrapper.application; includeInIndex = 0; path = S8ChurivantiP1.app; sourceTree = BUILT_PRODUCTS_DIR; };
		FB3938772BE679C000FFF17E /* AppDelegate.swift */ = {isa = PBXFileReference; lastKnownFileType = sourcecode.swift; path = AppDelegate.swift; sourceTree = "<group>"; };
		FB3938792BE679C000FFF17E /* SceneDelegate.swift */ = {isa = PBXFileReference; lastKnownFileType = sourcecode.swift; path = SceneDelegate.swift; sourceTree = "<group>"; };
		FB39387B2BE679C000FFF17E /* ViewController.swift */ = {isa = PBXFileReference; lastKnownFileType = sourcecode.swift; path = ViewController.swift; sourceTree = "<group>"; };
		FB39387E2BE679C000FFF17E /* Base */ = {isa = PBXFileReference; lastKnownFileType = file.storyboard; name = Base; path = Base.lproj/Main.storyboard; sourceTree = "<group>"; };
		FB3938802BE679C100FFF17E /* Assets.xcassets */ = {isa = PBXFileReference; lastKnownFileType = folder.assetcatalog; path = Assets.xcassets; sourceTree = "<group>"; };
		FB3938832BE679C100FFF17E /* Base */ = {isa = PBXFileReference; lastKnownFileType = file.storyboard; name = Base; path = Base.lproj/LaunchScreen.storyboard; sourceTree = "<group>"; };
		FB3938852BE679C100FFF17E /* Info.plist */ = {isa = PBXFileReference; lastKnownFileType = text.plist.xml; path = Info.plist; sourceTree = "<group>"; };
		FB39388B2BE67FEA00FFF17E /* PostTableViewCell.swift */ = {isa = PBXFileReference; lastKnownFileType = sourcecode.swift; path = PostTableViewCell.swift; sourceTree = "<group>"; };
		FB39388D2BE684D700FFF17E /* Cat.swift */ = {isa = PBXFileReference; lastKnownFileType = sourcecode.swift; path = Cat.swift; sourceTree = "<group>"; };
		FB39388F2BE68B9700FFF17E /* DetailCatViewController.swift */ = {isa = PBXFileReference; lastKnownFileType = sourcecode.swift; path = DetailCatViewController.swift; sourceTree = "<group>"; };
/* End PBXFileReference section */

/* Begin PBXFrameworksBuildPhase section */
		FB3938712BE679C000FFF17E /* Frameworks */ = {
			isa = PBXFrameworksBuildPhase;
			buildActionMask = 2147483647;
			files = (
			);
			runOnlyForDeploymentPostprocessing = 0;
		};
/* End PBXFrameworksBuildPhase section */

/* Begin PBXGroup section */
		FB39386B2BE679C000FFF17E = {
			isa = PBXGroup;
			children = (
				FB3938762BE679C000FFF17E /* S8ChurivantiP1 */,
				FB3938752BE679C000FFF17E /* Products */,
			);
			sourceTree = "<group>";
		};
		FB3938752BE679C000FFF17E /* Products */ = {
			isa = PBXGroup;
			children = (
				FB3938742BE679C000FFF17E /* S8ChurivantiP1.app */,
			);
			name = Products;
			sourceTree = "<group>";
		};
		FB3938762BE679C000FFF17E /* S8ChurivantiP1 */ = {
			isa = PBXGroup;
			children = (
				FB3938772BE679C000FFF17E /* AppDelegate.swift */,
				FB3938792BE679C000FFF17E /* SceneDelegate.swift */,
				FB39387B2BE679C000FFF17E /* ViewController.swift */,
				FB39388F2BE68B9700FFF17E /* DetailCatViewController.swift */,
				FB39388D2BE684D700FFF17E /* Cat.swift */,
				FB39387D2BE679C000FFF17E /* Main.storyboard */,
				FB39388B2BE67FEA00FFF17E /* PostTableViewCell.swift */,
				FB3938802BE679C100FFF17E /* Assets.xcassets */,
				FB3938822BE679C100FFF17E /* LaunchScreen.storyboard */,
				FB3938852BE679C100FFF17E /* Info.plist */,
			);
			path = S8ChurivantiP1;
			sourceTree = "<group>";
		};
/* End PBXGroup section */

/* Begin PBXNativeTarget section */
		FB3938732BE679C000FFF17E /* S8ChurivantiP1 */ = {
			isa = PBXNativeTarget;
			buildConfigurationList = FB3938882BE679C100FFF17E /* Build configuration list for PBXNativeTarget "S8ChurivantiP1" */;
			buildPhases = (
				FB3938702BE679C000FFF17E /* Sources */,
				FB3938712BE679C000FFF17E /* Frameworks */,
				FB3938722BE679C000FFF17E /* Resources */,
			);
			buildRules = (
			);
			dependencies = (
			);
			name = S8ChurivantiP1;
			productName = S8ChurivantiP1;
			productReference = FB3938742BE679C000FFF17E /* S8ChurivantiP1.app */;
			productType = "com.apple.product-type.application";
		};
/* End PBXNativeTarget section */

/* Begin PBXProject section */
		FB39386C2BE679C000FFF17E /* Project object */ = {
			isa = PBXProject;
			attributes = {
				BuildIndependentTargetsInParallel = 1;
				LastSwiftUpdateCheck = 1520;
				LastUpgradeCheck = 1520;
				TargetAttributes = {
					FB3938732BE679C000FFF17E = {
						CreatedOnToolsVersion = 15.2;
					};
				};
			};
			buildConfigurationList = FB39386F2BE679C000FFF17E /* Build configuration list for PBXProject "S8ChurivantiP1" */;
			compatibilityVersion = "Xcode 14.0";
			developmentRegion = en;
			hasScannedForEncodings = 0;
			knownRegions = (
				en,
				Base,
			);
			mainGroup = FB39386B2BE679C000FFF17E;
			productRefGroup = FB3938752BE679C000FFF17E /* Products */;
			projectDirPath = "";
			projectRoot = "";
			targets = (
				FB3938732BE679C000FFF17E /* S8ChurivantiP1 */,
			);
		};
/* End PBXProject section */

/* Begin PBXResourcesBuildPhase section */
		FB3938722BE679C000FFF17E /* Resources */ = {
			isa = PBXResourcesBuildPhase;
			buildActionMask = 2147483647;
			files = (
				FB3938842BE679C100FFF17E /* LaunchScreen.storyboard in Resources */,
				FB3938812BE679C100FFF17E /* Assets.xcassets in Resources */,
				FB39387F2BE679C000FFF17E /* Main.storyboard in Resources */,
			);
			runOnlyForDeploymentPostprocessing = 0;
		};
/* End PBXResourcesBuildPhase section */

/* Begin PBXSourcesBuildPhase section */
		FB3938702BE679C000FFF17E /* Sources */ = {
			isa = PBXSourcesBuildPhase;
			buildActionMask = 2147483647;
			files = (
				FB3938902BE68B9700FFF17E /* DetailCatViewController.swift in Sources */,
				FB39387C2BE679C000FFF17E /* ViewController.swift in Sources */,
				FB3938782BE679C000FFF17E /* AppDelegate.swift in Sources */,
				FB39388E2BE684D700FFF17E /* Cat.swift in Sources */,
				FB39387A2BE679C000FFF17E /* SceneDelegate.swift in Sources */,
				FB39388C2BE67FEA00FFF17E /* PostTableViewCell.swift in Sources */,
			);
			runOnlyForDeploymentPostprocessing = 0;
		};
/* End PBXSourcesBuildPhase section */

/* Begin PBXVariantGroup section */
		FB39387D2BE679C000FFF17E /* Main.storyboard */ = {
			isa = PBXVariantGroup;
			children = (
				FB39387E2BE679C000FFF17E /* Base */,
			);
			name = Main.storyboard;
			sourceTree = "<group>";
		};
		FB3938822BE679C100FFF17E /* LaunchScreen.storyboard */ = {
			isa = PBXVariantGroup;
			children = (
				FB3938832BE679C100FFF17E /* Base */,
			);
			name = LaunchScreen.storyboard;
			sourceTree = "<group>";
		};
/* End PBXVariantGroup section */

/* Begin XCBuildConfiguration section */
		FB3938862BE679C100FFF17E /* Debug */ = {
			isa = XCBuildConfiguration;
			buildSettings = {
				ALWAYS_SEARCH_USER_PATHS = NO;
				ASSETCATALOG_COMPILER_GENERATE_SWIFT_ASSET_SYMBOL_EXTENSIONS = YES;
				CLANG_ANALYZER_NONNULL = YES;
				CLANG_ANALYZER_NUMBER_OBJECT_CONVERSION = YES_AGGRESSIVE;
				CLANG_CXX_LANGUAGE_STANDARD = "gnu++20";
				CLANG_ENABLE_MODULES = YES;
				CLANG_ENABLE_OBJC_ARC = YES;
				CLANG_ENABLE_OBJC_WEAK = YES;
				CLANG_WARN_BLOCK_CAPTURE_AUTORELEASING = YES;
				CLANG_WARN_BOOL_CONVERSION = YES;
				CLANG_WARN_COMMA = YES;
				CLANG_WARN_CONSTANT_CONVERSION = YES;
				CLANG_WARN_DEPRECATED_OBJC_IMPLEMENTATIONS = YES;
				CLANG_WARN_DIRECT_OBJC_ISA_USAGE = YES_ERROR;
				CLANG_WARN_DOCUMENTATION_COMMENTS = YES;
				CLANG_WARN_EMPTY_BODY = YES;
				CLANG_WARN_ENUM_CONVERSION = YES;
				CLANG_WARN_INFINITE_RECURSION = YES;
				CLANG_WARN_INT_CONVERSION = YES;
				CLANG_WARN_NON_LITERAL_NULL_CONVERSION = YES;
				CLANG_WARN_OBJC_IMPLICIT_RETAIN_SELF = YES;
				CLANG_WARN_OBJC_LITERAL_CONVERSION = YES;
				CLANG_WARN_OBJC_ROOT_CLASS = YES_ERROR;
				CLANG_WARN_QUOTED_INCLUDE_IN_FRAMEWORK_HEADER = YES;
				CLANG_WARN_RANGE_LOOP_ANALYSIS = YES;
				CLANG_WARN_STRICT_PROTOTYPES = YES;
				CLANG_WARN_SUSPICIOUS_MOVE = YES;
				CLANG_WARN_UNGUARDED_AVAILABILITY = YES_AGGRESSIVE;
				CLANG_WARN_UNREACHABLE_CODE = YES;
				CLANG_WARN__DUPLICATE_METHOD_MATCH = YES;
				COPY_PHASE_STRIP = NO;
				DEBUG_INFORMATION_FORMAT = dwarf;
				ENABLE_STRICT_OBJC_MSGSEND = YES;
				ENABLE_TESTABILITY = YES;
				ENABLE_USER_SCRIPT_SANDBOXING = YES;
				GCC_C_LANGUAGE_STANDARD = gnu17;
				GCC_DYNAMIC_NO_PIC = NO;
				GCC_NO_COMMON_BLOCKS = YES;
				GCC_OPTIMIZATION_LEVEL = 0;
				GCC_PREPROCESSOR_DEFINITIONS = (
					"DEBUG=1",
					"$(inherited)",
				);
				GCC_WARN_64_TO_32_BIT_CONVERSION = YES;
				GCC_WARN_ABOUT_RETURN_TYPE = YES_ERROR;
				GCC_WARN_UNDECLARED_SELECTOR = YES;
				GCC_WARN_UNINITIALIZED_AUTOS = YES_AGGRESSIVE;
				GCC_WARN_UNUSED_FUNCTION = YES;
				GCC_WARN_UNUSED_VARIABLE = YES;
				IPHONEOS_DEPLOYMENT_TARGET = 17.2;
				LOCALIZATION_PREFERS_STRING_CATALOGS = YES;
				MTL_ENABLE_DEBUG_INFO = INCLUDE_SOURCE;
				MTL_FAST_MATH = YES;
				ONLY_ACTIVE_ARCH = YES;
				SDKROOT = iphoneos;
				SWIFT_ACTIVE_COMPILATION_CONDITIONS = "DEBUG $(inherited)";
				SWIFT_OPTIMIZATION_LEVEL = "-Onone";
			};
			name = Debug;
		};
		FB3938872BE679C100FFF17E /* Release */ = {
			isa = XCBuildConfiguration;
			buildSettings = {
				ALWAYS_SEARCH_USER_PATHS = NO;
				ASSETCATALOG_COMPILER_GENERATE_SWIFT_ASSET_SYMBOL_EXTENSIONS = YES;
				CLANG_ANALYZER_NONNULL = YES;
				CLANG_ANALYZER_NUMBER_OBJECT_CONVERSION = YES_AGGRESSIVE;
				CLANG_CXX_LANGUAGE_STANDARD = "gnu++20";
				CLANG_ENABLE_MODULES = YES;
				CLANG_ENABLE_OBJC_ARC = YES;
				CLANG_ENABLE_OBJC_WEAK = YES;
				CLANG_WARN_BLOCK_CAPTURE_AUTORELEASING = YES;
				CLANG_WARN_BOOL_CONVERSION = YES;
				CLANG_WARN_COMMA = YES;
				CLANG_WARN_CONSTANT_CONVERSION = YES;
				CLANG_WARN_DEPRECATED_OBJC_IMPLEMENTATIONS = YES;
				CLANG_WARN_DIRECT_OBJC_ISA_USAGE = YES_ERROR;
				CLANG_WARN_DOCUMENTATION_COMMENTS = YES;
				CLANG_WARN_EMPTY_BODY = YES;
				CLANG_WARN_ENUM_CONVERSION = YES;
				CLANG_WARN_INFINITE_RECURSION = YES;
				CLANG_WARN_INT_CONVERSION = YES;
				CLANG_WARN_NON_LITERAL_NULL_CONVERSION = YES;
				CLANG_WARN_OBJC_IMPLICIT_RETAIN_SELF = YES;
				CLANG_WARN_OBJC_LITERAL_CONVERSION = YES;
				CLANG_WARN_OBJC_ROOT_CLASS = YES_ERROR;
				CLANG_WARN_QUOTED_INCLUDE_IN_FRAMEWORK_HEADER = YES;
				CLANG_WARN_RANGE_LOOP_ANALYSIS = YES;
				CLANG_WARN_STRICT_PROTOTYPES = YES;
				CLANG_WARN_SUSPICIOUS_MOVE = YES;
				CLANG_WARN_UNGUARDED_AVAILABILITY = YES_AGGRESSIVE;
				CLANG_WARN_UNREACHABLE_CODE = YES;
				CLANG_WARN__DUPLICATE_METHOD_MATCH = YES;
				COPY_PHASE_STRIP = NO;
				DEBUG_INFORMATION_FORMAT = "dwarf-with-dsym";
				ENABLE_NS_ASSERTIONS = NO;
				ENABLE_STRICT_OBJC_MSGSEND = YES;
				ENABLE_USER_SCRIPT_SANDBOXING = YES;
				GCC_C_LANGUAGE_STANDARD = gnu17;
				GCC_NO_COMMON_BLOCKS = YES;
				GCC_WARN_64_TO_32_BIT_CONVERSION = YES;
				GCC_WARN_ABOUT_RETURN_TYPE = YES_ERROR;
				GCC_WARN_UNDECLARED_SELECTOR = YES;
				GCC_WARN_UNINITIALIZED_AUTOS = YES_AGGRESSIVE;
				GCC_WARN_UNUSED_FUNCTION = YES;
				GCC_WARN_UNUSED_VARIABLE = YES;
				IPHONEOS_DEPLOYMENT_TARGET = 17.2;
				LOCALIZATION_PREFERS_STRING_CATALOGS = YES;
				MTL_ENABLE_DEBUG_INFO = NO;
				MTL_FAST_MATH = YES;
				SDKROOT = iphoneos;
				SWIFT_COMPILATION_MODE = wholemodule;
				VALIDATE_PRODUCT = YES;
			};
			name = Release;
		};
		FB3938892BE679C100FFF17E /* Debug */ = {
			isa = XCBuildConfiguration;
			buildSettings = {
				ASSETCATALOG_COMPILER_APPICON_NAME = AppIcon;
				ASSETCATALOG_COMPILER_GLOBAL_ACCENT_COLOR_NAME = AccentColor;
				CODE_SIGN_STYLE = Automatic;
				CURRENT_PROJECT_VERSION = 1;
				GENERATE_INFOPLIST_FILE = YES;
				INFOPLIST_FILE = S8ChurivantiP1/Info.plist;
				INFOPLIST_KEY_UIApplicationSupportsIndirectInputEvents = YES;
				INFOPLIST_KEY_UILaunchStoryboardName = LaunchScreen;
				INFOPLIST_KEY_UIMainStoryboardFile = Main;
				INFOPLIST_KEY_UISupportedInterfaceOrientations_iPad = "UIInterfaceOrientationPortrait UIInterfaceOrientationPortraitUpsideDown UIInterfaceOrientationLandscapeLeft UIInterfaceOrientationLandscapeRight";
				INFOPLIST_KEY_UISupportedInterfaceOrientations_iPhone = "UIInterfaceOrientationPortrait UIInterfaceOrientationLandscapeLeft UIInterfaceOrientationLandscapeRight";
				LD_RUNPATH_SEARCH_PATHS = (
					"$(inherited)",
					"@executable_path/Frameworks",
				);
				MARKETING_VERSION = 1.0;
				PRODUCT_BUNDLE_IDENTIFIER = com.tecsup.S8ChurivantiP1;
				PRODUCT_NAME = "$(TARGET_NAME)";
				SWIFT_EMIT_LOC_STRINGS = YES;
				SWIFT_VERSION = 5.0;
				TARGETED_DEVICE_FAMILY = "1,2";
			};
			name = Debug;
		};
		FB39388A2BE679C100FFF17E /* Release */ = {
			isa = XCBuildConfiguration;
			buildSettings = {
				ASSETCATALOG_COMPILER_APPICON_NAME = AppIcon;
				ASSETCATALOG_COMPILER_GLOBAL_ACCENT_COLOR_NAME = AccentColor;
				CODE_SIGN_STYLE = Automatic;
				CURRENT_PROJECT_VERSION = 1;
				GENERATE_INFOPLIST_FILE = YES;
				INFOPLIST_FILE = S8ChurivantiP1/Info.plist;
				INFOPLIST_KEY_UIApplicationSupportsIndirectInputEvents = YES;
				INFOPLIST_KEY_UILaunchStoryboardName = LaunchScreen;
				INFOPLIST_KEY_UIMainStoryboardFile = Main;
				INFOPLIST_KEY_UISupportedInterfaceOrientations_iPad = "UIInterfaceOrientationPortrait UIInterfaceOrientationPortraitUpsideDown UIInterfaceOrientationLandscapeLeft UIInterfaceOrientationLandscapeRight";
				INFOPLIST_KEY_UISupportedInterfaceOrientations_iPhone = "UIInterfaceOrientationPortrait UIInterfaceOrientationLandscapeLeft UIInterfaceOrientationLandscapeRight";
				LD_RUNPATH_SEARCH_PATHS = (
					"$(inherited)",
					"@executable_path/Frameworks",
				);
				MARKETING_VERSION = 1.0;
				PRODUCT_BUNDLE_IDENTIFIER = com.tecsup.S8ChurivantiP1;
				PRODUCT_NAME = "$(TARGET_NAME)";
				SWIFT_EMIT_LOC_STRINGS = YES;
				SWIFT_VERSION = 5.0;
				TARGETED_DEVICE_FAMILY = "1,2";
			};
			name = Release;
		};
/* End XCBuildConfiguration section */

/* Begin XCConfigurationList section */
		FB39386F2BE679C000FFF17E /* Build configuration list for PBXProject "S8ChurivantiP1" */ = {
			isa = XCConfigurationList;
			buildConfigurations = (
				FB3938862BE679C100FFF17E /* Debug */,
				FB3938872BE679C100FFF17E /* Release */,
			);
			defaultConfigurationIsVisible = 0;
			defaultConfigurationName = Release;
		};
		FB3938882BE679C100FFF17E /* Build configuration list for PBXNativeTarget "S8ChurivantiP1" */ = {
			isa = XCConfigurationList;
			buildConfigurations = (
				FB3938892BE679C100FFF17E /* Debug */,
				FB39388A2BE679C100FFF17E /* Release */,
			);
			defaultConfigurationIsVisible = 0;
			defaultConfigurationName = Release;
		};
/* End XCConfigurationList section */
	};
	rootObject = FB39386C2BE679C000FFF17E /* Project object */;
}
